github.com/pbnjay/memory v0.0.0-20210728143218-7b4eea64cf58 h1:onHthvaw9LFnH4t2DcNVpwGmV9E1BkGknEliJkfwQj0=
github.com/pbnjay/memory v0.0.0-20210728143218-7b4eea64cf58/go.mod h1:DXv8WO4yhMYhSNPKjeNKa5WY9YCIEBRbNzFFPJbWO6Y=
github.com/preston-wagner/unicycle v0.4.3 h1:t0NP+rENiVyIcOp3VQMbkx3hv0ekVKy1RRWba7CEOTQ=
github.com/preston-wagner/unicycle v0.4.3/go.mod h1:4kRzkpCXRyjC5SgjWKGlUm1TmfTuURALtVXtlov4LjM=
